Microsoft Visual Studio Solution File, Format Version 11.00
# Visual Studio 2010
Project("{FAE04EC0-301F-11D3-BF4B-00C04F79EFBC}") = "Assembly-CSharp", "Assembly-CSharp.csproj", "{98B5435D-A3CA-E06F-F355-B3188F173FC0}"
EndProject
Project("{FAE04EC0-301F-11D3-BF4B-00C04F79EFBC}") = "Assembly-CSharp-firstpass", "Assembly-CSharp-firstpass.csproj", "{5FA90431-94EE-3876-668F-74F626B19404}"
EndProject
Project("{FAE04EC0-301F-11D3-BF4B-00C04F79EFBC}") = "Assembly-CSharp-Editor", "Assembly-CSharp-Editor.csproj", "{3747446B-2067-76D5-465F-856FE7DAA889}"
EndProject
Project("{FAE04EC0-301F-11D3-BF4B-00C04F79EFBC}") = "Assembly-CSharp-Editor-firstpass", "Assembly-CSharp-Editor-firstpass.csproj", "{F00FEA49-B500-B432-1395-7E9AA70BB399}"
EndProject
Global
	GlobalSection(SolutionConfigurationPlatforms) = preSolution
		Debug|Any CPU = Debug|Any CPU
		Release|Any CPU = Release|Any CPU
	EndGlobalSection
	GlobalSection(ProjectConfigurationPlatforms) = postSolution
		{98B5435D-A3CA-E06F-F355-B3188F173FC0}.Debug|Any CPU.ActiveCfg = Debug|Any CPU
		{98B5435D-A3CA-E06F-F355-B3188F173FC0}.Debug|Any CPU.Build.0 = Debug|Any CPU
		{98B5435D-A3CA-E06F-F355-B3188F173FC0}.Release|Any CPU.ActiveCfg = Release|Any CPU
		{98B5435D-A3CA-E06F-F355-B3188F173FC0}.Release|Any CPU.Build.0 = Release|Any CPU
		{5FA90431-94EE-3876-668F-74F626B19404}.Debug|Any CPU.ActiveCfg = Debug|Any CPU
		{5FA90431-94EE-3876-668F-74F626B19404}.Debug|Any CPU.Build.0 = Debug|Any CPU
		{5FA90431-94EE-3876-668F-74F626B19404}.Release|Any CPU.ActiveCfg = Release|Any CPU
		{5FA90431-94EE-3876-668F-74F626B19404}.Release|Any CPU.Build.0 = Release|Any CPU
		{3747446B-2067-76D5-465F-856FE7DAA889}.Debug|Any CPU.ActiveCfg = Debug|Any CPU
		{3747446B-2067-76D5-465F-856FE7DAA889}.Debug|Any CPU.Build.0 = Debug|Any CPU
		{3747446B-2067-76D5-465F-856FE7DAA889}.Release|Any CPU.ActiveCfg = Release|Any CPU
		{3747446B-2067-76D5-465F-856FE7DAA889}.Release|Any CPU.Build.0 = Release|Any CPU
		{F00FEA49-B500-B432-1395-7E9AA70BB399}.Debug|Any CPU.ActiveCfg = Debug|Any CPU
		{F00FEA49-B500-B432-1395-7E9AA70BB399}.Debug|Any CPU.Build.0 = Debug|Any CPU
		{F00FEA49-B500-B432-1395-7E9AA70BB399}.Release|Any CPU.ActiveCfg = Release|Any CPU
		{F00FEA49-B500-B432-1395-7E9AA70BB399}.Release|Any CPU.Build.0 = Release|Any CPU
	EndGlobalSection
	GlobalSection(SolutionProperties) = preSolution
		HideSolutionNode = FALSE
	EndGlobalSection
	GlobalSection(MonoDevelopProperties) = preSolution
		StartupItem = Assembly-CSharp.csproj
	EndGlobalSection
EndGlobal
